
Microsoft Visual Studio Solution File, Format Version 12.00
# Visual Studio Version 16
VisualStudioVersion = 16.0.30907.101
MinimumVisualStudioVersion = 10.0.40219.1
Project("{FAE04EC0-301F-11D3-BF4B-00C04F79EFBC}") = "Word Capitalization", "Word Capitalization.csproj", "{704BCDF0-F8B6-44B8-8699-DA3E0B211028}"
EndProject
Global
	GlobalSection(SolutionConfigurationPlatforms) = preSolution
		Debug|Any CPU = Debug|Any CPU
		Release|Any CPU = Release|Any CPU
	EndGlobalSection
	GlobalSection(ProjectConfigurationPlatforms) = postSolution
		{704BCDF0-F8B6-44B8-8699-DA3E0B211028}.Debug|Any CPU.ActiveCfg = Debug|Any CPU
		{704BCDF0-F8B6-44B8-8699-DA3E0B211028}.Debug|Any CPU.Build.0 = Debug|Any CPU
		{704BCDF0-F8B6-44B8-8699-DA3E0B211028}.Release|Any CPU.ActiveCfg = Release|Any CPU
		{704BCDF0-F8B6-44B8-8699-DA3E0B211028}.Release|Any CPU.Build.0 = Release|Any CPU
	EndGlobalSection
	GlobalSection(SolutionProperties) = preSolution
		HideSolutionNode = FALSE
	EndGlobalSection
	GlobalSection(ExtensibilityGlobals) = postSolution
		SolutionGuid = {5F9C4B65-7A40-4447-9D14-30C48AB26FF9}
	EndGlobalSection
EndGlobal
