
Microsoft Visual Studio Solution File, Format Version 12.00
# Visual Studio Version 16
VisualStudioVersion = 16.0.30907.101
MinimumVisualStudioVersion = 10.0.40219.1
Project("{FAE04EC0-301F-11D3-BF4B-00C04F79EFBC}") = "BerOS file system", "BerOS file system.csproj", "{CC872E36-EE99-4A84-9AA2-019E0630045F}"
EndProject
Global
	GlobalSection(SolutionConfigurationPlatforms) = preSolution
		Debug|Any CPU = Debug|Any CPU
		Release|Any CPU = Release|Any CPU
	EndGlobalSection
	GlobalSection(ProjectConfigurationPlatforms) = postSolution
		{CC872E36-EE99-4A84-9AA2-019E0630045F}.Debug|Any CPU.ActiveCfg = Debug|Any CPU
		{CC872E36-EE99-4A84-9AA2-019E0630045F}.Debug|Any CPU.Build.0 = Debug|Any CPU
		{CC872E36-EE99-4A84-9AA2-019E0630045F}.Release|Any CPU.ActiveCfg = Release|Any CPU
		{CC872E36-EE99-4A84-9AA2-019E0630045F}.Release|Any CPU.Build.0 = Release|Any CPU
	EndGlobalSection
	GlobalSection(SolutionProperties) = preSolution
		HideSolutionNode = FALSE
	EndGlobalSection
	GlobalSection(ExtensibilityGlobals) = postSolution
		SolutionGuid = {D94371BE-8B89-43EC-BED5-EE6CC27EF42D}
	EndGlobalSection
EndGlobal
